
Microsoft Visual Studio Solution File, Format Version 12.00
# Visual Studio Version 17
VisualStudioVersion = 17.4.33122.133
MinimumVisualStudioVersion = 10.0.40219.1
Project("{FAE04EC0-301F-11D3-BF4B-00C04F79EFBC}") = "Exam2", "Exam2.csproj", "{AB0939DC-7CD5-4FDB-831A-80DD2CA2B3C8}"
EndProject
Global
	GlobalSection(SolutionConfigurationPlatforms) = preSolution
		Debug|Any CPU = Debug|Any CPU
		Release|Any CPU = Release|Any CPU
	EndGlobalSection
	GlobalSection(ProjectConfigurationPlatforms) = postSolution
		{AB0939DC-7CD5-4FDB-831A-80DD2CA2B3C8}.Debug|Any CPU.ActiveCfg = Debug|Any CPU
		{AB0939DC-7CD5-4FDB-831A-80DD2CA2B3C8}.Debug|Any CPU.Build.0 = Debug|Any CPU
		{AB0939DC-7CD5-4FDB-831A-80DD2CA2B3C8}.Release|Any CPU.ActiveCfg = Release|Any CPU
		{AB0939DC-7CD5-4FDB-831A-80DD2CA2B3C8}.Release|Any CPU.Build.0 = Release|Any CPU
	EndGlobalSection
	GlobalSection(SolutionProperties) = preSolution
		HideSolutionNode = FALSE
	EndGlobalSection
	GlobalSection(ExtensibilityGlobals) = postSolution
		SolutionGuid = {A51349B3-D21A-4503-9BEA-33DBB9D78298}
	EndGlobalSection
EndGlobal
